// !$*UTF8*$!
{
	archiveVersion = 1;
	classes = {
	};
	objectVersion = 56;
	objects = {

/* Begin PBXBuildFile section */
		AB863C6B2CC1A80C00FD6486 /* ParkifyApp.swift in Sources */ = {isa = PBXBuildFile; fileRef = AB863C6A2CC1A80C00FD6486 /* ParkifyApp.swift */; };
		AB863C6D2CC1A80C00FD6486 /* ContentView.swift in Sources */ = {isa = PBXBuildFile; fileRef = AB863C6C2CC1A80C00FD6486 /* ContentView.swift */; };
		AB863C6F2CC1A80D00FD6486 /* Assets.xcassets in Resources */ = {isa = PBXBuildFile; fileRef = AB863C6E2CC1A80D00FD6486 /* Assets.xcassets */; };
		AB863C722CC1A80D00FD6486 /* Preview Assets.xcassets in Resources */ = {isa = PBXBuildFile; fileRef = AB863C712CC1A80D00FD6486 /* Preview Assets.xcassets */; };
		AB863C7C2CC1A80D00FD6486 /* ParkifyTests.swift in Sources */ = {isa = PBXBuildFile; fileRef = AB863C7B2CC1A80D00FD6486 /* ParkifyTests.swift */; };
		AB863C862CC1A80D00FD6486 /* ParkifyUITests.swift in Sources */ = {isa = PBXBuildFile; fileRef = AB863C852CC1A80D00FD6486 /* ParkifyUITests.swift */; };
		AB863C882CC1A80D00FD6486 /* ParkifyUITestsLaunchTests.swift in Sources */ = {isa = PBXBuildFile; fileRef = AB863C872CC1A80D00FD6486 /* ParkifyUITestsLaunchTests.swift */; };
/* End PBXBuildFile section */

/* Begin PBXContainerItemProxy section */
		AB863C782CC1A80D00FD6486 /* PBXContainerItemProxy */ = {
			isa = PBXContainerItemProxy;
			containerPortal = AB863C5F2CC1A80C00FD6486 /* Project object */;
			proxyType = 1;
			remoteGlobalIDString = AB863C662CC1A80C00FD6486;
			remoteInfo = Parkify;
		};
		AB863C822CC1A80D00FD6486 /* PBXContainerItemProxy */ = {
			isa = PBXContainerItemProxy;
			containerPortal = AB863C5F2CC1A80C00FD6486 /* Project object */;
			proxyType = 1;
			remoteGlobalIDString = AB863C662CC1A80C00FD6486;
			remoteInfo = Parkify;
		};
/* End PBXContainerItemProxy section */

/* Begin PBXFileReference section */
		AB863C672CC1A80C00FD6486 /* Parkify.app */ = {isa = PBXFileReference; explicitFileType = wrapper.application; includeInIndex = 0; path = Parkify.app; sourceTree = BUILT_PRODUCTS_DIR; };
		AB863C6A2CC1A80C00FD6486 /* ParkifyApp.swift */ = {isa = PBXFileReference; lastKnownFileType = sourcecode.swift; path = ParkifyApp.swift; sourceTree = "<group>"; };
		AB863C6C2CC1A80C00FD6486 /* ContentView.swift */ = {isa = PBXFileReference; lastKnownFileType = sourcecode.swift; path = ContentView.swift; sourceTree = "<group>"; };
		AB863C6E2CC1A80D00FD6486 /* Assets.xcassets */ = {isa = PBXFileReference; lastKnownFileType = folder.assetcatalog; path = Assets.xcassets; sourceTree = "<group>"; };
		AB863C712CC1A80D00FD6486 /* Preview Assets.xcassets */ = {isa = PBXFileReference; lastKnownFileType = folder.assetcatalog; path = "Preview Assets.xcassets"; sourceTree = "<group>"; };
		AB863C772CC1A80D00FD6486 /* ParkifyTests.xctest */ = {isa = PBXFileReference; explicitFileType = wrapper.cfbundle; includeInIndex = 0; path = ParkifyTests.xctest; sourceTree = BUILT_PRODUCTS_DIR; };
		AB863C7B2CC1A80D00FD6486 /* ParkifyTests.swift */ = {isa = PBXFileReference; lastKnownFileType = sourcecode.swift; path = ParkifyTests.swift; sourceTree = "<group>"; };
		AB863C812CC1A80D00FD6486 /* ParkifyUITests.xctest */ = {isa = PBXFileReference; explicitFileType = wrapper.cfbundle; includeInIndex = 0; path = ParkifyUITests.xctest; sourceTree = BUILT_PRODUCTS_DIR; };
		AB863C852CC1A80D00FD6486 /* ParkifyUITests.swift */ = {isa = PBXFileReference; lastKnownFileType = sourcecode.swift; path = ParkifyUITests.swift; sourceTree = "<group>"; };
		AB863C872CC1A80D00FD6486 /* ParkifyUITestsLaunchTests.swift */ = {isa = PBXFileReference; lastKnownFileType = sourcecode.swift; path = ParkifyUITestsLaunchTests.swift; sourceTree = "<group>"; };
/* End PBXFileReference section */

/* Begin PBXFrameworksBuildPhase section */
		AB863C642CC1A80C00FD6486 /* Frameworks */ = {
			isa = PBXFrameworksBuildPhase;
			buildActionMask = 2147483647;
			files = (
			);
			runOnlyForDeploymentPostprocessing = 0;
		};
		AB863C742CC1A80D00FD6486 /* Frameworks */ = {
			isa = PBXFrameworksBuildPhase;
			buildActionMask = 2147483647;
			files = (
			);
			runOnlyForDeploymentPostprocessing = 0;
		};
		AB863C7E2CC1A80D00FD6486 /* Frameworks */ = {
			isa = PBXFrameworksBuildPhase;
			buildActionMask = 2147483647;
			files = (
			);
			runOnlyForDeploymentPostprocessing = 0;
		};
/* End PBXFrameworksBuildPhase section */

/* Begin PBXGroup section */
		AB863C5E2CC1A80C00FD6486 = {
			isa = PBXGroup;
			children = (
				AB863C692CC1A80C00FD6486 /* Parkify */,
				AB863C7A2CC1A80D00FD6486 /* ParkifyTests */,
				AB863C842CC1A80D00FD6486 /* ParkifyUITests */,
				AB863C682CC1A80C00FD6486 /* Products */,
			);
			sourceTree = "<group>";
		};
		AB863C682CC1A80C00FD6486 /* Products */ = {
			isa = PBXGroup;
			children = (
				AB863C672CC1A80C00FD6486 /* Parkify.app */,
				AB863C772CC1A80D00FD6486 /* ParkifyTests.xctest */,
				AB863C812CC1A80D00FD6486 /* ParkifyUITests.xctest */,
			);
			name = Products;
			sourceTree = "<group>";
		};
		AB863C692CC1A80C00FD6486 /* Parkify */ = {
			isa = PBXGroup;
			children = (
				AB863C6A2CC1A80C00FD6486 /* ParkifyApp.swift */,
				AB863C6C2CC1A80C00FD6486 /* ContentView.swift */,
				AB863C6E2CC1A80D00FD6486 /* Assets.xcassets */,
				AB863C702CC1A80D00FD6486 /* Preview Content */,
			);
			path = Parkify;
			sourceTree = "<group>";
		};
		AB863C702CC1A80D00FD6486 /* Preview Content */ = {
			isa = PBXGroup;
			children = (
				AB863C712CC1A80D00FD6486 /* Preview Assets.xcassets */,
			);
			path = "Preview Content";
			sourceTree = "<group>";
		};
		AB863C7A2CC1A80D00FD6486 /* ParkifyTests */ = {
			isa = PBXGroup;
			children = (
				AB863C7B2CC1A80D00FD6486 /* ParkifyTests.swift */,
			);
			path = ParkifyTests;
			sourceTree = "<group>";
		};
		AB863C842CC1A80D00FD6486 /* ParkifyUITests */ = {
			isa = PBXGroup;
			children = (
				AB863C852CC1A80D00FD6486 /* ParkifyUITests.swift */,
				AB863C872CC1A80D00FD6486 /* ParkifyUITestsLaunchTests.swift */,
			);
			path = ParkifyUITests;
			sourceTree = "<group>";
		};
/* End PBXGroup section */

/* Begin PBXNativeTarget section */
		AB863C662CC1A80C00FD6486 /* Parkify */ = {
			isa = PBXNativeTarget;
			buildConfigurationList = AB863C8B2CC1A80D00FD6486 /* Build configuration list for PBXNativeTarget "Parkify" */;
			buildPhases = (
				AB863C632CC1A80C00FD6486 /* Sources */,
				AB863C642CC1A80C00FD6486 /* Frameworks */,
				AB863C652CC1A80C00FD6486 /* Resources */,
			);
			buildRules = (
			);
			dependencies = (
			);
			name = Parkify;
			productName = Parkify;
			productReference = AB863C672CC1A80C00FD6486 /* Parkify.app */;
			productType = "com.apple.product-type.application";
		};
		AB863C762CC1A80D00FD6486 /* ParkifyTests */ = {
			isa = PBXNativeTarget;
			buildConfigurationList = AB863C8E2CC1A80D00FD6486 /* Build configuration list for PBXNativeTarget "ParkifyTests" */;
			buildPhases = (
				AB863C732CC1A80D00FD6486 /* Sources */,
				AB863C742CC1A80D00FD6486 /* Frameworks */,
				AB863C752CC1A80D00FD6486 /* Resources */,
			);
			buildRules = (
			);
			dependencies = (
				AB863C792CC1A80D00FD6486 /* PBXTargetDependency */,
			);
			name = ParkifyTests;
			productName = ParkifyTests;
			productReference = AB863C772CC1A80D00FD6486 /* ParkifyTests.xctest */;
			productType = "com.apple.product-type.bundle.unit-test";
		};
		AB863C802CC1A80D00FD6486 /* ParkifyUITests */ = {
			isa = PBXNativeTarget;
			buildConfigurationList = AB863C912CC1A80D00FD6486 /* Build configuration list for PBXNativeTarget "ParkifyUITests" */;
			buildPhases = (
				AB863C7D2CC1A80D00FD6486 /* Sources */,
				AB863C7E2CC1A80D00FD6486 /* Frameworks */,
				AB863C7F2CC1A80D00FD6486 /* Resources */,
			);
			buildRules = (
			);
			dependencies = (
				AB863C832CC1A80D00FD6486 /* PBXTargetDependency */,
			);
			name = ParkifyUITests;
			productName = ParkifyUITests;
			productReference = AB863C812CC1A80D00FD6486 /* ParkifyUITests.xctest */;
			productType = "com.apple.product-type.bundle.ui-testing";
		};
/* End PBXNativeTarget section */

/* Begin PBXProject section */
		AB863C5F2CC1A80C00FD6486 /* Project object */ = {
			isa = PBXProject;
			attributes = {
				BuildIndependentTargetsInParallel = 1;
				LastSwiftUpdateCheck = 1540;
				LastUpgradeCheck = 1540;
				TargetAttributes = {
					AB863C662CC1A80C00FD6486 = {
						CreatedOnToolsVersion = 15.4;
					};
					AB863C762CC1A80D00FD6486 = {
						CreatedOnToolsVersion = 15.4;
						TestTargetID = AB863C662CC1A80C00FD6486;
					};
					AB863C802CC1A80D00FD6486 = {
						CreatedOnToolsVersion = 15.4;
						TestTargetID = AB863C662CC1A80C00FD6486;
					};
				};
			};
			buildConfigurationList = AB863C622CC1A80C00FD6486 /* Build configuration list for PBXProject "Parkify" */;
			compatibilityVersion = "Xcode 14.0";
			developmentRegion = en;
			hasScannedForEncodings = 0;
			knownRegions = (
				en,
				Base,
			);
			mainGroup = AB863C5E2CC1A80C00FD6486;
			productRefGroup = AB863C682CC1A80C00FD6486 /* Products */;
			projectDirPath = "";
			projectRoot = "";
			targets = (
				AB863C662CC1A80C00FD6486 /* Parkify */,
				AB863C762CC1A80D00FD6486 /* ParkifyTests */,
				AB863C802CC1A80D00FD6486 /* ParkifyUITests */,
			);
		};
/* End PBXProject section */

/* Begin PBXResourcesBuildPhase section */
		AB863C652CC1A80C00FD6486 /* Resources */ = {
			isa = PBXResourcesBuildPhase;
			buildActionMask = 2147483647;
			files = (
				AB863C722CC1A80D00FD6486 /* Preview Assets.xcassets in Resources */,
				AB863C6F2CC1A80D00FD6486 /* Assets.xcassets in Resources */,
			);
			runOnlyForDeploymentPostprocessing = 0;
		};
		AB863C752CC1A80D00FD6486 /* Resources */ = {
			isa = PBXResourcesBuildPhase;
			buildActionMask = 2147483647;
			files = (
			);
			runOnlyForDeploymentPostprocessing = 0;
		};
		AB863C7F2CC1A80D00FD6486 /* Resources */ = {
			isa = PBXResourcesBuildPhase;
			buildActionMask = 2147483647;
			files = (
			);
			runOnlyForDeploymentPostprocessing = 0;
		};
/* End PBXResourcesBuildPhase section */

/* Begin PBXSourcesBuildPhase section */
		AB863C632CC1A80C00FD6486 /* Sources */ = {
			isa = PBXSourcesBuildPhase;
			buildActionMask = 2147483647;
			files = (
				AB863C6D2CC1A80C00FD6486 /* ContentView.swift in Sources */,
				AB863C6B2CC1A80C00FD6486 /* ParkifyApp.swift in Sources */,
			);
			runOnlyForDeploymentPostprocessing = 0;
		};
		AB863C732CC1A80D00FD6486 /* Sources */ = {
			isa = PBXSourcesBuildPhase;
			buildActionMask = 2147483647;
			files = (
				AB863C7C2CC1A80D00FD6486 /* ParkifyTests.swift in Sources */,
			);
			runOnlyForDeploymentPostprocessing = 0;
		};
		AB863C7D2CC1A80D00FD6486 /* Sources */ = {
			isa = PBXSourcesBuildPhase;
			buildActionMask = 2147483647;
			files = (
				AB863C862CC1A80D00FD6486 /* ParkifyUITests.swift in Sources */,
				AB863C882CC1A80D00FD6486 /* ParkifyUITestsLaunchTests.swift in Sources */,
			);
			runOnlyForDeploymentPostprocessing = 0;
		};
/* End PBXSourcesBuildPhase section */

/* Begin PBXTargetDependency section */
		AB863C792CC1A80D00FD6486 /* PBXTargetDependency */ = {
			isa = PBXTargetDependency;
			target = AB863C662CC1A80C00FD6486 /* Parkify */;
			targetProxy = AB863C782CC1A80D00FD6486 /* PBXContainerItemProxy */;
		};
		AB863C832CC1A80D00FD6486 /* PBXTargetDependency */ = {
			isa = PBXTargetDependency;
			target = AB863C662CC1A80C00FD6486 /* Parkify */;
			targetProxy = AB863C822CC1A80D00FD6486 /* PBXContainerItemProxy */;
		};
/* End PBXTargetDependency section */

/* Begin XCBuildConfiguration section */
		AB863C892CC1A80D00FD6486 /* Debug */ = {
			isa = XCBuildConfiguration;
			buildSettings = {
				ALWAYS_SEARCH_USER_PATHS = NO;
				ASSETCATALOG_COMPILER_GENERATE_SWIFT_ASSET_SYMBOL_EXTENSIONS = YES;
				CLANG_ANALYZER_NONNULL = YES;
				CLANG_ANALYZER_NUMBER_OBJECT_CONVERSION = YES_AGGRESSIVE;
				CLANG_CXX_LANGUAGE_STANDARD = "gnu++20";
				CLANG_ENABLE_MODULES = YES;
				CLANG_ENABLE_OBJC_ARC = YES;
				CLANG_ENABLE_OBJC_WEAK = YES;
				CLANG_WARN_BLOCK_CAPTURE_AUTORELEASING = YES;
				CLANG_WARN_BOOL_CONVERSION = YES;
				CLANG_WARN_COMMA = YES;
				CLANG_WARN_CONSTANT_CONVERSION = YES;
				CLANG_WARN_DEPRECATED_OBJC_IMPLEMENTATIONS = YES;
				CLANG_WARN_DIRECT_OBJC_ISA_USAGE = YES_ERROR;
				CLANG_WARN_DOCUMENTATION_COMMENTS = YES;
				CLANG_WARN_EMPTY_BODY = YES;
				CLANG_WARN_ENUM_CONVERSION = YES;
				CLANG_WARN_INFINITE_RECURSION = YES;
				CLANG_WARN_INT_CONVERSION = YES;
				CLANG_WARN_NON_LITERAL_NULL_CONVERSION = YES;
				CLANG_WARN_OBJC_IMPLICIT_RETAIN_SELF = YES;
				CLANG_WARN_OBJC_LITERAL_CONVERSION = YES;
				CLANG_WARN_OBJC_ROOT_CLASS = YES_ERROR;
				CLANG_WARN_QUOTED_INCLUDE_IN_FRAMEWORK_HEADER = YES;
				CLANG_WARN_RANGE_LOOP_ANALYSIS = YES;
				CLANG_WARN_STRICT_PROTOTYPES = YES;
				CLANG_WARN_SUSPICIOUS_MOVE = YES;
				CLANG_WARN_UNGUARDED_AVAILABILITY = YES_AGGRESSIVE;
				CLANG_WARN_UNREACHABLE_CODE = YES;
				CLANG_WARN__DUPLICATE_METHOD_MATCH = YES;
				COPY_PHASE_STRIP = NO;
				DEBUG_INFORMATION_FORMAT = dwarf;
				ENABLE_STRICT_OBJC_MSGSEND = YES;
				ENABLE_TESTABILITY = YES;
				ENABLE_USER_SCRIPT_SANDBOXING = YES;
				GCC_C_LANGUAGE_STANDARD = gnu17;
				GCC_DYNAMIC_NO_PIC = NO;
				GCC_NO_COMMON_BLOCKS = YES;
				GCC_OPTIMIZATION_LEVEL = 0;
				GCC_PREPROCESSOR_DEFINITIONS = (
					"DEBUG=1",
					"$(inherited)",
				);
				GCC_WARN_64_TO_32_BIT_CONVERSION = YES;
				GCC_WARN_ABOUT_RETURN_TYPE = YES_ERROR;
				GCC_WARN_UNDECLARED_SELECTOR = YES;
				GCC_WARN_UNINITIALIZED_AUTOS = YES_AGGRESSIVE;
				GCC_WARN_UNUSED_FUNCTION = YES;
				GCC_WARN_UNUSED_VARIABLE = YES;
				IPHONEOS_DEPLOYMENT_TARGET = 17.5;
				LOCALIZATION_PREFERS_STRING_CATALOGS = YES;
				MTL_ENABLE_DEBUG_INFO = INCLUDE_SOURCE;
				MTL_FAST_MATH = YES;
				ONLY_ACTIVE_ARCH = YES;
				SDKROOT = iphoneos;
				SWIFT_ACTIVE_COMPILATION_CONDITIONS = "DEBUG $(inherited)";
				SWIFT_OPTIMIZATION_LEVEL = "-Onone";
			};
			name = Debug;
		};
		AB863C8A2CC1A80D00FD6486 /* Release */ = {
			isa = XCBuildConfiguration;
			buildSettings = {
				ALWAYS_SEARCH_USER_PATHS = NO;
				ASSETCATALOG_COMPILER_GENERATE_SWIFT_ASSET_SYMBOL_EXTENSIONS = YES;
				CLANG_ANALYZER_NONNULL = YES;
				CLANG_ANALYZER_NUMBER_OBJECT_CONVERSION = YES_AGGRESSIVE;
				CLANG_CXX_LANGUAGE_STANDARD = "gnu++20";
				CLANG_ENABLE_MODULES = YES;
				CLANG_ENABLE_OBJC_ARC = YES;
				CLANG_ENABLE_OBJC_WEAK = YES;
				CLANG_WARN_BLOCK_CAPTURE_AUTORELEASING = YES;
				CLANG_WARN_BOOL_CONVERSION = YES;
				CLANG_WARN_COMMA = YES;
				CLANG_WARN_CONSTANT_CONVERSION = YES;
				CLANG_WARN_DEPRECATED_OBJC_IMPLEMENTATIONS = YES;
				CLANG_WARN_DIRECT_OBJC_ISA_USAGE = YES_ERROR;
				CLANG_WARN_DOCUMENTATION_COMMENTS = YES;
				CLANG_WARN_EMPTY_BODY = YES;
				CLANG_WARN_ENUM_CONVERSION = YES;
				CLANG_WARN_INFINITE_RECURSION = YES;
				CLANG_WARN_INT_CONVERSION = YES;
				CLANG_WARN_NON_LITERAL_NULL_CONVERSION = YES;
				CLANG_WARN_OBJC_IMPLICIT_RETAIN_SELF = YES;
				CLANG_WARN_OBJC_LITERAL_CONVERSION = YES;
				CLANG_WARN_OBJC_ROOT_CLASS = YES_ERROR;
				CLANG_WARN_QUOTED_INCLUDE_IN_FRAMEWORK_HEADER = YES;
				CLANG_WARN_RANGE_LOOP_ANALYSIS = YES;
				CLANG_WARN_STRICT_PROTOTYPES = YES;
				CLANG_WARN_SUSPICIOUS_MOVE = YES;
				CLANG_WARN_UNGUARDED_AVAILABILITY = YES_AGGRESSIVE;
				CLANG_WARN_UNREACHABLE_CODE = YES;
				CLANG_WARN__DUPLICATE_METHOD_MATCH = YES;
				COPY_PHASE_STRIP = NO;
				DEBUG_INFORMATION_FORMAT = "dwarf-with-dsym";
				ENABLE_NS_ASSERTIONS = NO;
				ENABLE_STRICT_OBJC_MSGSEND = YES;
				ENABLE_USER_SCRIPT_SANDBOXING = YES;
				GCC_C_LANGUAGE_STANDARD = gnu17;
				GCC_NO_COMMON_BLOCKS = YES;
				GCC_WARN_64_TO_32_BIT_CONVERSION = YES;
				GCC_WARN_ABOUT_RETURN_TYPE = YES_ERROR;
				GCC_WARN_UNDECLARED_SELECTOR = YES;
				GCC_WARN_UNINITIALIZED_AUTOS = YES_AGGRESSIVE;
				GCC_WARN_UNUSED_FUNCTION = YES;
				GCC_WARN_UNUSED_VARIABLE = YES;
				IPHONEOS_DEPLOYMENT_TARGET = 17.5;
				LOCALIZATION_PREFERS_STRING_CATALOGS = YES;
				MTL_ENABLE_DEBUG_INFO = NO;
				MTL_FAST_MATH = YES;
				SDKROOT = iphoneos;
				SWIFT_COMPILATION_MODE = wholemodule;
				VALIDATE_PRODUCT = YES;
			};
			name = Release;
		};
		AB863C8C2CC1A80D00FD6486 /* Debug */ = {
			isa = XCBuildConfiguration;
			buildSettings = {
				ASSETCATALOG_COMPILER_APPICON_NAME = AppIcon;
				ASSETCATALOG_COMPILER_GLOBAL_ACCENT_COLOR_NAME = AccentColor;
				CODE_SIGN_STYLE = Automatic;
				CURRENT_PROJECT_VERSION = 1;
				DEVELOPMENT_ASSET_PATHS = "\"Parkify/Preview Content\"";
				ENABLE_PREVIEWS = YES;
				GENERATE_INFOPLIST_FILE = YES;
				INFOPLIST_KEY_UIApplicationSceneManifest_Generation = YES;
				INFOPLIST_KEY_UIApplicationSupportsIndirectInputEvents = YES;
				INFOPLIST_KEY_UILaunchScreen_Generation = YES;
				INFOPLIST_KEY_UISupportedInterfaceOrientations_iPad = "UIInterfaceOrientationPortrait UIInterfaceOrientationPortraitUpsideDown UIInterfaceOrientationLandscapeLeft UIInterfaceOrientationLandscapeRight";
				INFOPLIST_KEY_UISupportedInterfaceOrientations_iPhone = "UIInterfaceOrientationPortrait UIInterfaceOrientationLandscapeLeft UIInterfaceOrientationLandscapeRight";
				LD_RUNPATH_SEARCH_PATHS = (
					"$(inherited)",
					"@executable_path/Frameworks",
				);
				MARKETING_VERSION = 1.0;
				PRODUCT_BUNDLE_IDENTIFIER = ayyanmalik.Parkify;
				PRODUCT_NAME = "$(TARGET_NAME)";
				SWIFT_EMIT_LOC_STRINGS = YES;
				SWIFT_VERSION = 5.0;
				TARGETED_DEVICE_FAMILY = "1,2";
			};
			name = Debug;
		};
		AB863C8D2CC1A80D00FD6486 /* Release */ = {
			isa = XCBuildConfiguration;
			buildSettings = {
				ASSETCATALOG_COMPILER_APPICON_NAME = AppIcon;
				ASSETCATALOG_COMPILER_GLOBAL_ACCENT_COLOR_NAME = AccentColor;
				CODE_SIGN_STYLE = Automatic;
				CURRENT_PROJECT_VERSION = 1;
				DEVELOPMENT_ASSET_PATHS = "\"Parkify/Preview Content\"";
				ENABLE_PREVIEWS = YES;
				GENERATE_INFOPLIST_FILE = YES;
				INFOPLIST_KEY_UIApplicationSceneManifest_Generation = YES;
				INFOPLIST_KEY_UIApplicationSupportsIndirectInputEvents = YES;
				INFOPLIST_KEY_UILaunchScreen_Generation = YES;
				INFOPLIST_KEY_UISupportedInterfaceOrientations_iPad = "UIInterfaceOrientationPortrait UIInterfaceOrientationPortraitUpsideDown UIInterfaceOrientationLandscapeLeft UIInterfaceOrientationLandscapeRight";
				INFOPLIST_KEY_UISupportedInterfaceOrientations_iPhone = "UIInterfaceOrientationPortrait UIInterfaceOrientationLandscapeLeft UIInterfaceOrientationLandscapeRight";
				LD_RUNPATH_SEARCH_PATHS = (
					"$(inherited)",
					"@executable_path/Frameworks",
				);
				MARKETING_VERSION = 1.0;
				PRODUCT_BUNDLE_IDENTIFIER = ayyanmalik.Parkify;
				PRODUCT_NAME = "$(TARGET_NAME)";
				SWIFT_EMIT_LOC_STRINGS = YES;
				SWIFT_VERSION = 5.0;
				TARGETED_DEVICE_FAMILY = "1,2";
			};
			name = Release;
		};
		AB863C8F2CC1A80D00FD6486 /* Debug */ = {
			isa = XCBuildConfiguration;
			buildSettings = {
				ALWAYS_EMBED_SWIFT_STANDARD_LIBRARIES = YES;
				BUNDLE_LOADER = "$(TEST_HOST)";
				CODE_SIGN_STYLE = Automatic;
				CURRENT_PROJECT_VERSION = 1;
				GENERATE_INFOPLIST_FILE = YES;
				IPHONEOS_DEPLOYMENT_TARGET = 17.5;
				MARKETING_VERSION = 1.0;
				PRODUCT_BUNDLE_IDENTIFIER = ayyanmalik.ParkifyTests;
				PRODUCT_NAME = "$(TARGET_NAME)";
				SWIFT_EMIT_LOC_STRINGS = NO;
				SWIFT_VERSION = 5.0;
				TARGETED_DEVICE_FAMILY = "1,2";
				TEST_HOST = "$(BUILT_PRODUCTS_DIR)/Parkify.app/$(BUNDLE_EXECUTABLE_FOLDER_PATH)/Parkify";
			};
			name = Debug;
		};
		AB863C902CC1A80D00FD6486 /* Release */ = {
			isa = XCBuildConfiguration;
			buildSettings = {
				ALWAYS_EMBED_SWIFT_STANDARD_LIBRARIES = YES;
				BUNDLE_LOADER = "$(TEST_HOST)";
				CODE_SIGN_STYLE = Automatic;
				CURRENT_PROJECT_VERSION = 1;
				GENERATE_INFOPLIST_FILE = YES;
				IPHONEOS_DEPLOYMENT_TARGET = 17.5;
				MARKETING_VERSION = 1.0;
				PRODUCT_BUNDLE_IDENTIFIER = ayyanmalik.ParkifyTests;
				PRODUCT_NAME = "$(TARGET_NAME)";
				SWIFT_EMIT_LOC_STRINGS = NO;
				SWIFT_VERSION = 5.0;
				TARGETED_DEVICE_FAMILY = "1,2";
				TEST_HOST = "$(BUILT_PRODUCTS_DIR)/Parkify.app/$(BUNDLE_EXECUTABLE_FOLDER_PATH)/Parkify";
			};
			name = Release;
		};
		AB863C922CC1A80D00FD6486 /* Debug */ = {
			isa = XCBuildConfiguration;
			buildSettings = {
				ALWAYS_EMBED_SWIFT_STANDARD_LIBRARIES = YES;
				CODE_SIGN_STYLE = Automatic;
				CURRENT_PROJECT_VERSION = 1;
				GENERATE_INFOPLIST_FILE = YES;
				MARKETING_VERSION = 1.0;
				PRODUCT_BUNDLE_IDENTIFIER = ayyanmalik.ParkifyUITests;
				PRODUCT_NAME = "$(TARGET_NAME)";
				SWIFT_EMIT_LOC_STRINGS = NO;
				SWIFT_VERSION = 5.0;
				TARGETED_DEVICE_FAMILY = "1,2";
				TEST_TARGET_NAME = Parkify;
			};
			name = Debug;
		};
		AB863C932CC1A80D00FD6486 /* Release */ = {
			isa = XCBuildConfiguration;
			buildSettings = {
				ALWAYS_EMBED_SWIFT_STANDARD_LIBRARIES = YES;
				CODE_SIGN_STYLE = Automatic;
				CURRENT_PROJECT_VERSION = 1;
				GENERATE_INFOPLIST_FILE = YES;
				MARKETING_VERSION = 1.0;
				PRODUCT_BUNDLE_IDENTIFIER = ayyanmalik.ParkifyUITests;
				PRODUCT_NAME = "$(TARGET_NAME)";
				SWIFT_EMIT_LOC_STRINGS = NO;
				SWIFT_VERSION = 5.0;
				TARGETED_DEVICE_FAMILY = "1,2";
				TEST_TARGET_NAME = Parkify;
			};
			name = Release;
		};
/* End XCBuildConfiguration section */

/* Begin XCConfigurationList section */
		AB863C622CC1A80C00FD6486 /* Build configuration list for PBXProject "Parkify" */ = {
			isa = XCConfigurationList;
			buildConfigurations = (
				AB863C892CC1A80D00FD6486 /* Debug */,
				AB863C8A2CC1A80D00FD6486 /* Release */,
			);
			defaultConfigurationIsVisible = 0;
			defaultConfigurationName = Release;
		};
		AB863C8B2CC1A80D00FD6486 /* Build configuration list for PBXNativeTarget "Parkify" */ = {
			isa = XCConfigurationList;
			buildConfigurations = (
				AB863C8C2CC1A80D00FD6486 /* Debug */,
				AB863C8D2CC1A80D00FD6486 /* Release */,
			);
			defaultConfigurationIsVisible = 0;
			defaultConfigurationName = Release;
		};
		AB863C8E2CC1A80D00FD6486 /* Build configuration list for PBXNativeTarget "ParkifyTests" */ = {
			isa = XCConfigurationList;
			buildConfigurations = (
				AB863C8F2CC1A80D00FD6486 /* Debug */,
				AB863C902CC1A80D00FD6486 /* Release */,
			);
			defaultConfigurationIsVisible = 0;
			defaultConfigurationName = Release;
		};
		AB863C912CC1A80D00FD6486 /* Build configuration list for PBXNativeTarget "ParkifyUITests" */ = {
			isa = XCConfigurationList;
			buildConfigurations = (
				AB863C922CC1A80D00FD6486 /* Debug */,
				AB863C932CC1A80D00FD6486 /* Release */,
			);
			defaultConfigurationIsVisible = 0;
			defaultConfigurationName = Release;
		};
/* End XCConfigurationList section */
	};
	rootObject = AB863C5F2CC1A80C00FD6486 /* Project object */;
}
