// !$*UTF8*$!
{
	archiveVersion = 1;
	classes = {
	};
	objectVersion = 56;
	objects = {

/* Begin PBXBuildFile section */
		ABFBA4A82CDAC963009168FC /* UNLV_PARKIFYApp.swift in Sources */ = {isa = PBXBuildFile; fileRef = ABFBA4A72CDAC963009168FC /* UNLV_PARKIFYApp.swift */; };
		ABFBA4AA2CDAC963009168FC /* ContentView.swift in Sources */ = {isa = PBXBuildFile; fileRef = ABFBA4A92CDAC963009168FC /* ContentView.swift */; };
		ABFBA4AC2CDAC963009168FC /* Assets.xcassets in Resources */ = {isa = PBXBuildFile; fileRef = ABFBA4AB2CDAC963009168FC /* Assets.xcassets */; };
		ABFBA4AF2CDAC963009168FC /* Preview Assets.xcassets in Resources */ = {isa = PBXBuildFile; fileRef = ABFBA4AE2CDAC963009168FC /* Preview Assets.xcassets */; };
		ABFBA4B92CDAC963009168FC /* UNLV_PARKIFYTests.swift in Sources */ = {isa = PBXBuildFile; fileRef = ABFBA4B82CDAC963009168FC /* UNLV_PARKIFYTests.swift */; };
		ABFBA4C32CDAC963009168FC /* UNLV_PARKIFYUITests.swift in Sources */ = {isa = PBXBuildFile; fileRef = ABFBA4C22CDAC963009168FC /* UNLV_PARKIFYUITests.swift */; };
		ABFBA4C52CDAC963009168FC /* UNLV_PARKIFYUITestsLaunchTests.swift in Sources */ = {isa = PBXBuildFile; fileRef = ABFBA4C42CDAC963009168FC /* UNLV_PARKIFYUITestsLaunchTests.swift */; };
		ABFBA4D22CDAD4EA009168FC /* High-Resolution-Color-Logo.png in Resources */ = {isa = PBXBuildFile; fileRef = ABFBA4D12CDAD4EA009168FC /* High-Resolution-Color-Logo.png */; };
		ABFFA5F92CE680670041602F /* mainView.swift in Sources */ = {isa = PBXBuildFile; fileRef = ABFFA5F82CE680670041602F /* mainView.swift */; };
/* End PBXBuildFile section */

/* Begin PBXContainerItemProxy section */
		ABFBA4B52CDAC963009168FC /* PBXContainerItemProxy */ = {
			isa = PBXContainerItemProxy;
			containerPortal = ABFBA49C2CDAC963009168FC /* Project object */;
			proxyType = 1;
			remoteGlobalIDString = ABFBA4A32CDAC963009168FC;
			remoteInfo = "UNLV PARKIFY";
		};
		ABFBA4BF2CDAC963009168FC /* PBXContainerItemProxy */ = {
			isa = PBXContainerItemProxy;
			containerPortal = ABFBA49C2CDAC963009168FC /* Project object */;
			proxyType = 1;
			remoteGlobalIDString = ABFBA4A32CDAC963009168FC;
			remoteInfo = "UNLV PARKIFY";
		};
/* End PBXContainerItemProxy section */

/* Begin PBXFileReference section */
		ABFBA4A42CDAC963009168FC /* UNLV PARKIFY.app */ = {isa = PBXFileReference; explicitFileType = wrapper.application; includeInIndex = 0; path = "UNLV PARKIFY.app"; sourceTree = BUILT_PRODUCTS_DIR; };
		ABFBA4A72CDAC963009168FC /* UNLV_PARKIFYApp.swift */ = {isa = PBXFileReference; lastKnownFileType = sourcecode.swift; path = UNLV_PARKIFYApp.swift; sourceTree = "<group>"; };
		ABFBA4A92CDAC963009168FC /* ContentView.swift */ = {isa = PBXFileReference; lastKnownFileType = sourcecode.swift; path = ContentView.swift; sourceTree = "<group>"; };
		ABFBA4AB2CDAC963009168FC /* Assets.xcassets */ = {isa = PBXFileReference; lastKnownFileType = folder.assetcatalog; path = Assets.xcassets; sourceTree = "<group>"; };
		ABFBA4AE2CDAC963009168FC /* Preview Assets.xcassets */ = {isa = PBXFileReference; lastKnownFileType = folder.assetcatalog; path = "Preview Assets.xcassets"; sourceTree = "<group>"; };
		ABFBA4B42CDAC963009168FC /* UNLV PARKIFYTests.xctest */ = {isa = PBXFileReference; explicitFileType = wrapper.cfbundle; includeInIndex = 0; path = "UNLV PARKIFYTests.xctest"; sourceTree = BUILT_PRODUCTS_DIR; };
		ABFBA4B82CDAC963009168FC /* UNLV_PARKIFYTests.swift */ = {isa = PBXFileReference; lastKnownFileType = sourcecode.swift; path = UNLV_PARKIFYTests.swift; sourceTree = "<group>"; };
		ABFBA4BE2CDAC963009168FC /* UNLV PARKIFYUITests.xctest */ = {isa = PBXFileReference; explicitFileType = wrapper.cfbundle; includeInIndex = 0; path = "UNLV PARKIFYUITests.xctest"; sourceTree = BUILT_PRODUCTS_DIR; };
		ABFBA4C22CDAC963009168FC /* UNLV_PARKIFYUITests.swift */ = {isa = PBXFileReference; lastKnownFileType = sourcecode.swift; path = UNLV_PARKIFYUITests.swift; sourceTree = "<group>"; };
		ABFBA4C42CDAC963009168FC /* UNLV_PARKIFYUITestsLaunchTests.swift */ = {isa = PBXFileReference; lastKnownFileType = sourcecode.swift; path = UNLV_PARKIFYUITestsLaunchTests.swift; sourceTree = "<group>"; };
		ABFBA4D12CDAD4EA009168FC /* High-Resolution-Color-Logo.png */ = {isa = PBXFileReference; lastKnownFileType = image.png; name = "High-Resolution-Color-Logo.png"; path = "../../../../../../Downloads/High-Resolution-Color-Logo.png"; sourceTree = "<group>"; };
		ABFBA4D32CDAD80F009168FC /* High-Resolution-Color-Logo.png */ = {isa = PBXFileReference; lastKnownFileType = image.png; path = "High-Resolution-Color-Logo.png"; sourceTree = "<group>"; };
		ABFFA5F82CE680670041602F /* mainView.swift */ = {isa = PBXFileReference; lastKnownFileType = sourcecode.swift; path = mainView.swift; sourceTree = "<group>"; };
/* End PBXFileReference section */

/* Begin PBXFrameworksBuildPhase section */
		ABFBA4A12CDAC963009168FC /* Frameworks */ = {
			isa = PBXFrameworksBuildPhase;
			buildActionMask = 2147483647;
			files = (
			);
			runOnlyForDeploymentPostprocessing = 0;
		};
		ABFBA4B12CDAC963009168FC /* Frameworks */ = {
			isa = PBXFrameworksBuildPhase;
			buildActionMask = 2147483647;
			files = (
			);
			runOnlyForDeploymentPostprocessing = 0;
		};
		ABFBA4BB2CDAC963009168FC /* Frameworks */ = {
			isa = PBXFrameworksBuildPhase;
			buildActionMask = 2147483647;
			files = (
			);
			runOnlyForDeploymentPostprocessing = 0;
		};
/* End PBXFrameworksBuildPhase section */

/* Begin PBXGroup section */
		ABFBA49B2CDAC963009168FC = {
			isa = PBXGroup;
			children = (
				ABFBA4A62CDAC963009168FC /* UNLV PARKIFY */,
				ABFBA4B72CDAC963009168FC /* UNLV PARKIFYTests */,
				ABFBA4C12CDAC963009168FC /* UNLV PARKIFYUITests */,
				ABFBA4A52CDAC963009168FC /* Products */,
			);
			sourceTree = "<group>";
		};
		ABFBA4A52CDAC963009168FC /* Products */ = {
			isa = PBXGroup;
			children = (
				ABFBA4A42CDAC963009168FC /* UNLV PARKIFY.app */,
				ABFBA4B42CDAC963009168FC /* UNLV PARKIFYTests.xctest */,
				ABFBA4BE2CDAC963009168FC /* UNLV PARKIFYUITests.xctest */,
			);
			name = Products;
			sourceTree = "<group>";
		};
		ABFBA4A62CDAC963009168FC /* UNLV PARKIFY */ = {
			isa = PBXGroup;
			children = (
				ABFBA4A72CDAC963009168FC /* UNLV_PARKIFYApp.swift */,
				ABFBA4A92CDAC963009168FC /* ContentView.swift */,
				ABFFA5F82CE680670041602F /* mainView.swift */,
				ABFBA4AB2CDAC963009168FC /* Assets.xcassets */,
				ABFBA4D32CDAD80F009168FC /* High-Resolution-Color-Logo.png */,
				ABFBA4AD2CDAC963009168FC /* Preview Content */,
			);
			path = "UNLV PARKIFY";
			sourceTree = "<group>";
		};
		ABFBA4AD2CDAC963009168FC /* Preview Content */ = {
			isa = PBXGroup;
			children = (
				ABFBA4D12CDAD4EA009168FC /* High-Resolution-Color-Logo.png */,
				ABFBA4AE2CDAC963009168FC /* Preview Assets.xcassets */,
			);
			path = "Preview Content";
			sourceTree = "<group>";
		};
		ABFBA4B72CDAC963009168FC /* UNLV PARKIFYTests */ = {
			isa = PBXGroup;
			children = (
				ABFBA4B82CDAC963009168FC /* UNLV_PARKIFYTests.swift */,
			);
			path = "UNLV PARKIFYTests";
			sourceTree = "<group>";
		};
		ABFBA4C12CDAC963009168FC /* UNLV PARKIFYUITests */ = {
			isa = PBXGroup;
			children = (
				ABFBA4C22CDAC963009168FC /* UNLV_PARKIFYUITests.swift */,
				ABFBA4C42CDAC963009168FC /* UNLV_PARKIFYUITestsLaunchTests.swift */,
			);
			path = "UNLV PARKIFYUITests";
			sourceTree = "<group>";
		};
/* End PBXGroup section */

/* Begin PBXNativeTarget section */
		ABFBA4A32CDAC963009168FC /* UNLV PARKIFY */ = {
			isa = PBXNativeTarget;
			buildConfigurationList = ABFBA4C82CDAC963009168FC /* Build configuration list for PBXNativeTarget "UNLV PARKIFY" */;
			buildPhases = (
				ABFBA4A02CDAC963009168FC /* Sources */,
				ABFBA4A12CDAC963009168FC /* Frameworks */,
				ABFBA4A22CDAC963009168FC /* Resources */,
			);
			buildRules = (
			);
			dependencies = (
			);
			name = "UNLV PARKIFY";
			productName = "UNLV PARKIFY";
			productReference = ABFBA4A42CDAC963009168FC /* UNLV PARKIFY.app */;
			productType = "com.apple.product-type.application";
		};
		ABFBA4B32CDAC963009168FC /* UNLV PARKIFYTests */ = {
			isa = PBXNativeTarget;
			buildConfigurationList = ABFBA4CB2CDAC963009168FC /* Build configuration list for PBXNativeTarget "UNLV PARKIFYTests" */;
			buildPhases = (
				ABFBA4B02CDAC963009168FC /* Sources */,
				ABFBA4B12CDAC963009168FC /* Frameworks */,
				ABFBA4B22CDAC963009168FC /* Resources */,
			);
			buildRules = (
			);
			dependencies = (
				ABFBA4B62CDAC963009168FC /* PBXTargetDependency */,
			);
			name = "UNLV PARKIFYTests";
			productName = "UNLV PARKIFYTests";
			productReference = ABFBA4B42CDAC963009168FC /* UNLV PARKIFYTests.xctest */;
			productType = "com.apple.product-type.bundle.unit-test";
		};
		ABFBA4BD2CDAC963009168FC /* UNLV PARKIFYUITests */ = {
			isa = PBXNativeTarget;
			buildConfigurationList = ABFBA4CE2CDAC963009168FC /* Build configuration list for PBXNativeTarget "UNLV PARKIFYUITests" */;
			buildPhases = (
				ABFBA4BA2CDAC963009168FC /* Sources */,
				ABFBA4BB2CDAC963009168FC /* Frameworks */,
				ABFBA4BC2CDAC963009168FC /* Resources */,
			);
			buildRules = (
			);
			dependencies = (
				ABFBA4C02CDAC963009168FC /* PBXTargetDependency */,
			);
			name = "UNLV PARKIFYUITests";
			productName = "UNLV PARKIFYUITests";
			productReference = ABFBA4BE2CDAC963009168FC /* UNLV PARKIFYUITests.xctest */;
			productType = "com.apple.product-type.bundle.ui-testing";
		};
/* End PBXNativeTarget section */

/* Begin PBXProject section */
		ABFBA49C2CDAC963009168FC /* Project object */ = {
			isa = PBXProject;
			attributes = {
				BuildIndependentTargetsInParallel = 1;
				LastSwiftUpdateCheck = 1540;
				LastUpgradeCheck = 1540;
				TargetAttributes = {
					ABFBA4A32CDAC963009168FC = {
						CreatedOnToolsVersion = 15.4;
					};
					ABFBA4B32CDAC963009168FC = {
						CreatedOnToolsVersion = 15.4;
						TestTargetID = ABFBA4A32CDAC963009168FC;
					};
					ABFBA4BD2CDAC963009168FC = {
						CreatedOnToolsVersion = 15.4;
						TestTargetID = ABFBA4A32CDAC963009168FC;
					};
				};
			};
			buildConfigurationList = ABFBA49F2CDAC963009168FC /* Build configuration list for PBXProject "UNLV PARKIFY" */;
			compatibilityVersion = "Xcode 14.0";
			developmentRegion = en;
			hasScannedForEncodings = 0;
			knownRegions = (
				en,
				Base,
			);
			mainGroup = ABFBA49B2CDAC963009168FC;
			productRefGroup = ABFBA4A52CDAC963009168FC /* Products */;
			projectDirPath = "";
			projectRoot = "";
			targets = (
				ABFBA4A32CDAC963009168FC /* UNLV PARKIFY */,
				ABFBA4B32CDAC963009168FC /* UNLV PARKIFYTests */,
				ABFBA4BD2CDAC963009168FC /* UNLV PARKIFYUITests */,
			);
		};
/* End PBXProject section */

/* Begin PBXResourcesBuildPhase section */
		ABFBA4A22CDAC963009168FC /* Resources */ = {
			isa = PBXResourcesBuildPhase;
			buildActionMask = 2147483647;
			files = (
				ABFBA4AF2CDAC963009168FC /* Preview Assets.xcassets in Resources */,
				ABFBA4AC2CDAC963009168FC /* Assets.xcassets in Resources */,
				ABFBA4D22CDAD4EA009168FC /* High-Resolution-Color-Logo.png in Resources */,
			);
			runOnlyForDeploymentPostprocessing = 0;
		};
		ABFBA4B22CDAC963009168FC /* Resources */ = {
			isa = PBXResourcesBuildPhase;
			buildActionMask = 2147483647;
			files = (
			);
			runOnlyForDeploymentPostprocessing = 0;
		};
		ABFBA4BC2CDAC963009168FC /* Resources */ = {
			isa = PBXResourcesBuildPhase;
			buildActionMask = 2147483647;
			files = (
			);
			runOnlyForDeploymentPostprocessing = 0;
		};
/* End PBXResourcesBuildPhase section */

/* Begin PBXSourcesBuildPhase section */
		ABFBA4A02CDAC963009168FC /* Sources */ = {
			isa = PBXSourcesBuildPhase;
			buildActionMask = 2147483647;
			files = (
				ABFFA5F92CE680670041602F /* mainView.swift in Sources */,
				ABFBA4AA2CDAC963009168FC /* ContentView.swift in Sources */,
				ABFBA4A82CDAC963009168FC /* UNLV_PARKIFYApp.swift in Sources */,
			);
			runOnlyForDeploymentPostprocessing = 0;
		};
		ABFBA4B02CDAC963009168FC /* Sources */ = {
			isa = PBXSourcesBuildPhase;
			buildActionMask = 2147483647;
			files = (
				ABFBA4B92CDAC963009168FC /* UNLV_PARKIFYTests.swift in Sources */,
			);
			runOnlyForDeploymentPostprocessing = 0;
		};
		ABFBA4BA2CDAC963009168FC /* Sources */ = {
			isa = PBXSourcesBuildPhase;
			buildActionMask = 2147483647;
			files = (
				ABFBA4C52CDAC963009168FC /* UNLV_PARKIFYUITestsLaunchTests.swift in Sources */,
				ABFBA4C32CDAC963009168FC /* UNLV_PARKIFYUITests.swift in Sources */,
			);
			runOnlyForDeploymentPostprocessing = 0;
		};
/* End PBXSourcesBuildPhase section */

/* Begin PBXTargetDependency section */
		ABFBA4B62CDAC963009168FC /* PBXTargetDependency */ = {
			isa = PBXTargetDependency;
			target = ABFBA4A32CDAC963009168FC /* UNLV PARKIFY */;
			targetProxy = ABFBA4B52CDAC963009168FC /* PBXContainerItemProxy */;
		};
		ABFBA4C02CDAC963009168FC /* PBXTargetDependency */ = {
			isa = PBXTargetDependency;
			target = ABFBA4A32CDAC963009168FC /* UNLV PARKIFY */;
			targetProxy = ABFBA4BF2CDAC963009168FC /* PBXContainerItemProxy */;
		};
/* End PBXTargetDependency section */

/* Begin XCBuildConfiguration section */
		ABFBA4C62CDAC963009168FC /* Debug */ = {
			isa = XCBuildConfiguration;
			buildSettings = {
				ALWAYS_SEARCH_USER_PATHS = NO;
				ASSETCATALOG_COMPILER_GENERATE_SWIFT_ASSET_SYMBOL_EXTENSIONS = YES;
				CLANG_ANALYZER_NONNULL = YES;
				CLANG_ANALYZER_NUMBER_OBJECT_CONVERSION = YES_AGGRESSIVE;
				CLANG_CXX_LANGUAGE_STANDARD = "gnu++20";
				CLANG_ENABLE_MODULES = YES;
				CLANG_ENABLE_OBJC_ARC = YES;
				CLANG_ENABLE_OBJC_WEAK = YES;
				CLANG_WARN_BLOCK_CAPTURE_AUTORELEASING = YES;
				CLANG_WARN_BOOL_CONVERSION = YES;
				CLANG_WARN_COMMA = YES;
				CLANG_WARN_CONSTANT_CONVERSION = YES;
				CLANG_WARN_DEPRECATED_OBJC_IMPLEMENTATIONS = YES;
				CLANG_WARN_DIRECT_OBJC_ISA_USAGE = YES_ERROR;
				CLANG_WARN_DOCUMENTATION_COMMENTS = YES;
				CLANG_WARN_EMPTY_BODY = YES;
				CLANG_WARN_ENUM_CONVERSION = YES;
				CLANG_WARN_INFINITE_RECURSION = YES;
				CLANG_WARN_INT_CONVERSION = YES;
				CLANG_WARN_NON_LITERAL_NULL_CONVERSION = YES;
				CLANG_WARN_OBJC_IMPLICIT_RETAIN_SELF = YES;
				CLANG_WARN_OBJC_LITERAL_CONVERSION = YES;
				CLANG_WARN_OBJC_ROOT_CLASS = YES_ERROR;
				CLANG_WARN_QUOTED_INCLUDE_IN_FRAMEWORK_HEADER = YES;
				CLANG_WARN_RANGE_LOOP_ANALYSIS = YES;
				CLANG_WARN_STRICT_PROTOTYPES = YES;
				CLANG_WARN_SUSPICIOUS_MOVE = YES;
				CLANG_WARN_UNGUARDED_AVAILABILITY = YES_AGGRESSIVE;
				CLANG_WARN_UNREACHABLE_CODE = YES;
				CLANG_WARN__DUPLICATE_METHOD_MATCH = YES;
				COPY_PHASE_STRIP = NO;
				DEBUG_INFORMATION_FORMAT = dwarf;
				ENABLE_STRICT_OBJC_MSGSEND = YES;
				ENABLE_TESTABILITY = YES;
				ENABLE_USER_SCRIPT_SANDBOXING = YES;
				GCC_C_LANGUAGE_STANDARD = gnu17;
				GCC_DYNAMIC_NO_PIC = NO;
				GCC_NO_COMMON_BLOCKS = YES;
				GCC_OPTIMIZATION_LEVEL = 0;
				GCC_PREPROCESSOR_DEFINITIONS = (
					"DEBUG=1",
					"$(inherited)",
				);
				GCC_WARN_64_TO_32_BIT_CONVERSION = YES;
				GCC_WARN_ABOUT_RETURN_TYPE = YES_ERROR;
				GCC_WARN_UNDECLARED_SELECTOR = YES;
				GCC_WARN_UNINITIALIZED_AUTOS = YES_AGGRESSIVE;
				GCC_WARN_UNUSED_FUNCTION = YES;
				GCC_WARN_UNUSED_VARIABLE = YES;
				IPHONEOS_DEPLOYMENT_TARGET = 17.5;
				LOCALIZATION_PREFERS_STRING_CATALOGS = YES;
				MTL_ENABLE_DEBUG_INFO = INCLUDE_SOURCE;
				MTL_FAST_MATH = YES;
				ONLY_ACTIVE_ARCH = YES;
				SDKROOT = iphoneos;
				SWIFT_ACTIVE_COMPILATION_CONDITIONS = "DEBUG $(inherited)";
				SWIFT_OPTIMIZATION_LEVEL = "-Onone";
			};
			name = Debug;
		};
		ABFBA4C72CDAC963009168FC /* Release */ = {
			isa = XCBuildConfiguration;
			buildSettings = {
				ALWAYS_SEARCH_USER_PATHS = NO;
				ASSETCATALOG_COMPILER_GENERATE_SWIFT_ASSET_SYMBOL_EXTENSIONS = YES;
				CLANG_ANALYZER_NONNULL = YES;
				CLANG_ANALYZER_NUMBER_OBJECT_CONVERSION = YES_AGGRESSIVE;
				CLANG_CXX_LANGUAGE_STANDARD = "gnu++20";
				CLANG_ENABLE_MODULES = YES;
				CLANG_ENABLE_OBJC_ARC = YES;
				CLANG_ENABLE_OBJC_WEAK = YES;
				CLANG_WARN_BLOCK_CAPTURE_AUTORELEASING = YES;
				CLANG_WARN_BOOL_CONVERSION = YES;
				CLANG_WARN_COMMA = YES;
				CLANG_WARN_CONSTANT_CONVERSION = YES;
				CLANG_WARN_DEPRECATED_OBJC_IMPLEMENTATIONS = YES;
				CLANG_WARN_DIRECT_OBJC_ISA_USAGE = YES_ERROR;
				CLANG_WARN_DOCUMENTATION_COMMENTS = YES;
				CLANG_WARN_EMPTY_BODY = YES;
				CLANG_WARN_ENUM_CONVERSION = YES;
				CLANG_WARN_INFINITE_RECURSION = YES;
				CLANG_WARN_INT_CONVERSION = YES;
				CLANG_WARN_NON_LITERAL_NULL_CONVERSION = YES;
				CLANG_WARN_OBJC_IMPLICIT_RETAIN_SELF = YES;
				CLANG_WARN_OBJC_LITERAL_CONVERSION = YES;
				CLANG_WARN_OBJC_ROOT_CLASS = YES_ERROR;
				CLANG_WARN_QUOTED_INCLUDE_IN_FRAMEWORK_HEADER = YES;
				CLANG_WARN_RANGE_LOOP_ANALYSIS = YES;
				CLANG_WARN_STRICT_PROTOTYPES = YES;
				CLANG_WARN_SUSPICIOUS_MOVE = YES;
				CLANG_WARN_UNGUARDED_AVAILABILITY = YES_AGGRESSIVE;
				CLANG_WARN_UNREACHABLE_CODE = YES;
				CLANG_WARN__DUPLICATE_METHOD_MATCH = YES;
				COPY_PHASE_STRIP = NO;
				DEBUG_INFORMATION_FORMAT = "dwarf-with-dsym";
				ENABLE_NS_ASSERTIONS = NO;
				ENABLE_STRICT_OBJC_MSGSEND = YES;
				ENABLE_USER_SCRIPT_SANDBOXING = YES;
				GCC_C_LANGUAGE_STANDARD = gnu17;
				GCC_NO_COMMON_BLOCKS = YES;
				GCC_WARN_64_TO_32_BIT_CONVERSION = YES;
				GCC_WARN_ABOUT_RETURN_TYPE = YES_ERROR;
				GCC_WARN_UNDECLARED_SELECTOR = YES;
				GCC_WARN_UNINITIALIZED_AUTOS = YES_AGGRESSIVE;
				GCC_WARN_UNUSED_FUNCTION = YES;
				GCC_WARN_UNUSED_VARIABLE = YES;
				IPHONEOS_DEPLOYMENT_TARGET = 17.5;
				LOCALIZATION_PREFERS_STRING_CATALOGS = YES;
				MTL_ENABLE_DEBUG_INFO = NO;
				MTL_FAST_MATH = YES;
				SDKROOT = iphoneos;
				SWIFT_COMPILATION_MODE = wholemodule;
				VALIDATE_PRODUCT = YES;
			};
			name = Release;
		};
		ABFBA4C92CDAC963009168FC /* Debug */ = {
			isa = XCBuildConfiguration;
			buildSettings = {
				ASSETCATALOG_COMPILER_APPICON_NAME = AppIcon;
				ASSETCATALOG_COMPILER_GLOBAL_ACCENT_COLOR_NAME = AccentColor;
				CODE_SIGN_STYLE = Automatic;
				CURRENT_PROJECT_VERSION = 1;
				DEVELOPMENT_ASSET_PATHS = "\"UNLV PARKIFY/Preview Content\"";
				ENABLE_PREVIEWS = YES;
				GENERATE_INFOPLIST_FILE = YES;
				INFOPLIST_KEY_UIApplicationSceneManifest_Generation = YES;
				INFOPLIST_KEY_UIApplicationSupportsIndirectInputEvents = YES;
				INFOPLIST_KEY_UILaunchScreen_Generation = YES;
				INFOPLIST_KEY_UISupportedInterfaceOrientations_iPad = "UIInterfaceOrientationPortrait UIInterfaceOrientationPortraitUpsideDown UIInterfaceOrientationLandscapeLeft UIInterfaceOrientationLandscapeRight";
				INFOPLIST_KEY_UISupportedInterfaceOrientations_iPhone = "UIInterfaceOrientationPortrait UIInterfaceOrientationLandscapeLeft UIInterfaceOrientationLandscapeRight";
				LD_RUNPATH_SEARCH_PATHS = (
					"$(inherited)",
					"@executable_path/Frameworks",
				);
				MARKETING_VERSION = 1.0;
				PRODUCT_BUNDLE_IDENTIFIER = "ayyanmalik.UNLV-PARKIFY";
				PRODUCT_NAME = "$(TARGET_NAME)";
				SWIFT_EMIT_LOC_STRINGS = YES;
				SWIFT_VERSION = 5.0;
				TARGETED_DEVICE_FAMILY = "1,2";
			};
			name = Debug;
		};
		ABFBA4CA2CDAC963009168FC /* Release */ = {
			isa = XCBuildConfiguration;
			buildSettings = {
				ASSETCATALOG_COMPILER_APPICON_NAME = AppIcon;
				ASSETCATALOG_COMPILER_GLOBAL_ACCENT_COLOR_NAME = AccentColor;
				CODE_SIGN_STYLE = Automatic;
				CURRENT_PROJECT_VERSION = 1;
				DEVELOPMENT_ASSET_PATHS = "\"UNLV PARKIFY/Preview Content\"";
				ENABLE_PREVIEWS = YES;
				GENERATE_INFOPLIST_FILE = YES;
				INFOPLIST_KEY_UIApplicationSceneManifest_Generation = YES;
				INFOPLIST_KEY_UIApplicationSupportsIndirectInputEvents = YES;
				INFOPLIST_KEY_UILaunchScreen_Generation = YES;
				INFOPLIST_KEY_UISupportedInterfaceOrientations_iPad = "UIInterfaceOrientationPortrait UIInterfaceOrientationPortraitUpsideDown UIInterfaceOrientationLandscapeLeft UIInterfaceOrientationLandscapeRight";
				INFOPLIST_KEY_UISupportedInterfaceOrientations_iPhone = "UIInterfaceOrientationPortrait UIInterfaceOrientationLandscapeLeft UIInterfaceOrientationLandscapeRight";
				LD_RUNPATH_SEARCH_PATHS = (
					"$(inherited)",
					"@executable_path/Frameworks",
				);
				MARKETING_VERSION = 1.0;
				PRODUCT_BUNDLE_IDENTIFIER = "ayyanmalik.UNLV-PARKIFY";
				PRODUCT_NAME = "$(TARGET_NAME)";
				SWIFT_EMIT_LOC_STRINGS = YES;
				SWIFT_VERSION = 5.0;
				TARGETED_DEVICE_FAMILY = "1,2";
			};
			name = Release;
		};
		ABFBA4CC2CDAC963009168FC /* Debug */ = {
			isa = XCBuildConfiguration;
			buildSettings = {
				ALWAYS_EMBED_SWIFT_STANDARD_LIBRARIES = YES;
				BUNDLE_LOADER = "$(TEST_HOST)";
				CODE_SIGN_STYLE = Automatic;
				CURRENT_PROJECT_VERSION = 1;
				GENERATE_INFOPLIST_FILE = YES;
				IPHONEOS_DEPLOYMENT_TARGET = 17.5;
				MARKETING_VERSION = 1.0;
				PRODUCT_BUNDLE_IDENTIFIER = "ayyanmalik.UNLV-PARKIFYTests";
				PRODUCT_NAME = "$(TARGET_NAME)";
				SWIFT_EMIT_LOC_STRINGS = NO;
				SWIFT_VERSION = 5.0;
				TARGETED_DEVICE_FAMILY = "1,2";
				TEST_HOST = "$(BUILT_PRODUCTS_DIR)/UNLV PARKIFY.app/$(BUNDLE_EXECUTABLE_FOLDER_PATH)/UNLV PARKIFY";
			};
			name = Debug;
		};
		ABFBA4CD2CDAC963009168FC /* Release */ = {
			isa = XCBuildConfiguration;
			buildSettings = {
				ALWAYS_EMBED_SWIFT_STANDARD_LIBRARIES = YES;
				BUNDLE_LOADER = "$(TEST_HOST)";
				CODE_SIGN_STYLE = Automatic;
				CURRENT_PROJECT_VERSION = 1;
				GENERATE_INFOPLIST_FILE = YES;
				IPHONEOS_DEPLOYMENT_TARGET = 17.5;
				MARKETING_VERSION = 1.0;
				PRODUCT_BUNDLE_IDENTIFIER = "ayyanmalik.UNLV-PARKIFYTests";
				PRODUCT_NAME = "$(TARGET_NAME)";
				SWIFT_EMIT_LOC_STRINGS = NO;
				SWIFT_VERSION = 5.0;
				TARGETED_DEVICE_FAMILY = "1,2";
				TEST_HOST = "$(BUILT_PRODUCTS_DIR)/UNLV PARKIFY.app/$(BUNDLE_EXECUTABLE_FOLDER_PATH)/UNLV PARKIFY";
			};
			name = Release;
		};
		ABFBA4CF2CDAC963009168FC /* Debug */ = {
			isa = XCBuildConfiguration;
			buildSettings = {
				ALWAYS_EMBED_SWIFT_STANDARD_LIBRARIES = YES;
				CODE_SIGN_STYLE = Automatic;
				CURRENT_PROJECT_VERSION = 1;
				GENERATE_INFOPLIST_FILE = YES;
				MARKETING_VERSION = 1.0;
				PRODUCT_BUNDLE_IDENTIFIER = "ayyanmalik.UNLV-PARKIFYUITests";
				PRODUCT_NAME = "$(TARGET_NAME)";
				SWIFT_EMIT_LOC_STRINGS = NO;
				SWIFT_VERSION = 5.0;
				TARGETED_DEVICE_FAMILY = "1,2";
				TEST_TARGET_NAME = "UNLV PARKIFY";
			};
			name = Debug;
		};
		ABFBA4D02CDAC963009168FC /* Release */ = {
			isa = XCBuildConfiguration;
			buildSettings = {
				ALWAYS_EMBED_SWIFT_STANDARD_LIBRARIES = YES;
				CODE_SIGN_STYLE = Automatic;
				CURRENT_PROJECT_VERSION = 1;
				GENERATE_INFOPLIST_FILE = YES;
				MARKETING_VERSION = 1.0;
				PRODUCT_BUNDLE_IDENTIFIER = "ayyanmalik.UNLV-PARKIFYUITests";
				PRODUCT_NAME = "$(TARGET_NAME)";
				SWIFT_EMIT_LOC_STRINGS = NO;
				SWIFT_VERSION = 5.0;
				TARGETED_DEVICE_FAMILY = "1,2";
				TEST_TARGET_NAME = "UNLV PARKIFY";
			};
			name = Release;
		};
/* End XCBuildConfiguration section */

/* Begin XCConfigurationList section */
		ABFBA49F2CDAC963009168FC /* Build configuration list for PBXProject "UNLV PARKIFY" */ = {
			isa = XCConfigurationList;
			buildConfigurations = (
				ABFBA4C62CDAC963009168FC /* Debug */,
				ABFBA4C72CDAC963009168FC /* Release */,
			);
			defaultConfigurationIsVisible = 0;
			defaultConfigurationName = Release;
		};
		ABFBA4C82CDAC963009168FC /* Build configuration list for PBXNativeTarget "UNLV PARKIFY" */ = {
			isa = XCConfigurationList;
			buildConfigurations = (
				ABFBA4C92CDAC963009168FC /* Debug */,
				ABFBA4CA2CDAC963009168FC /* Release */,
			);
			defaultConfigurationIsVisible = 0;
			defaultConfigurationName = Release;
		};
		ABFBA4CB2CDAC963009168FC /* Build configuration list for PBXNativeTarget "UNLV PARKIFYTests" */ = {
			isa = XCConfigurationList;
			buildConfigurations = (
				ABFBA4CC2CDAC963009168FC /* Debug */,
				ABFBA4CD2CDAC963009168FC /* Release */,
			);
			defaultConfigurationIsVisible = 0;
			defaultConfigurationName = Release;
		};
		ABFBA4CE2CDAC963009168FC /* Build configuration list for PBXNativeTarget "UNLV PARKIFYUITests" */ = {
			isa = XCConfigurationList;
			buildConfigurations = (
				ABFBA4CF2CDAC963009168FC /* Debug */,
				ABFBA4D02CDAC963009168FC /* Release */,
			);
			defaultConfigurationIsVisible = 0;
			defaultConfigurationName = Release;
		};
/* End XCConfigurationList section */
	};
	rootObject = ABFBA49C2CDAC963009168FC /* Project object */;
}
